// !$*UTF8*$!
{
	archiveVersion = 1;
	classes = {
	};
	objectVersion = 50;
	objects = {

/* Begin PBXBuildFile section */
		F2EB4F72208DB0B400BE4228 /* main.m in Sources */ = {isa = PBXBuildFile; fileRef = F2EB4F71208DB0B400BE4228 /* main.m */; };
		F2EB4F79208DCBB000BE4228 /* BubbleSort.c in Sources */ = {isa = PBXBuildFile; fileRef = F2EB4F78208DCBB000BE4228 /* BubbleSort.c */; };
		F2EB4F7B208DCC1200BE4228 /* CocktailSort.c in Sources */ = {isa = PBXBuildFile; fileRef = F2EB4F7A208DCC1200BE4228 /* CocktailSort.c */; };
		F2EB4F7D208DCC3700BE4228 /* SelectionSort.c in Sources */ = {isa = PBXBuildFile; fileRef = F2EB4F7C208DCC3700BE4228 /* SelectionSort.c */; };
		F2EB4F7F208DCC6400BE4228 /* InsertionSort.c in Sources */ = {isa = PBXBuildFile; fileRef = F2EB4F7E208DCC6400BE4228 /* InsertionSort.c */; };
		F2EB4F81208DCCCA00BE4228 /* InsertionSortDichotomy.c in Sources */ = {isa = PBXBuildFile; fileRef = F2EB4F80208DCCCA00BE4228 /* InsertionSortDichotomy.c */; };
		F2EB4F83208DCCEE00BE4228 /* ShellSort.c in Sources */ = {isa = PBXBuildFile; fileRef = F2EB4F82208DCCEE00BE4228 /* ShellSort.c */; };
		F2EB4F85208DCD2300BE4228 /* MergeSort.cpp in Sources */ = {isa = PBXBuildFile; fileRef = F2EB4F84208DCD2300BE4228 /* MergeSort.cpp */; };
		F2EB4F87208DCDA500BE4228 /* HeapSort.c in Sources */ = {isa = PBXBuildFile; fileRef = F2EB4F86208DCDA500BE4228 /* HeapSort.c */; };
		F2EB4F89208DCDD300BE4228 /* QuickSort.c in Sources */ = {isa = PBXBuildFile; fileRef = F2EB4F88208DCDD300BE4228 /* QuickSort.c */; };
/* End PBXBuildFile section */

/* Begin PBXCopyFilesBuildPhase section */
		F2EB4F6C208DB0B400BE4228 /* CopyFiles */ = {
			isa = PBXCopyFilesBuildPhase;
			buildActionMask = 2147483647;
			dstPath = /usr/share/man/man1/;
			dstSubfolderSpec = 0;
			files = (
			);
			runOnlyForDeploymentPostprocessing = 1;
		};
/* End PBXCopyFilesBuildPhase section */

/* Begin PBXFileReference section */
		F2EB4F6E208DB0B400BE4228 /* SortDemo */ = {isa = PBXFileReference; explicitFileType = "compiled.mach-o.executable"; includeInIndex = 0; path = SortDemo; sourceTree = BUILT_PRODUCTS_DIR; };
		F2EB4F71208DB0B400BE4228 /* main.m */ = {isa = PBXFileReference; lastKnownFileType = sourcecode.c.objc; path = main.m; sourceTree = "<group>"; };
		F2EB4F78208DCBB000BE4228 /* BubbleSort.c */ = {isa = PBXFileReference; lastKnownFileType = sourcecode.c.c; path = BubbleSort.c; sourceTree = "<group>"; };
		F2EB4F7A208DCC1200BE4228 /* CocktailSort.c */ = {isa = PBXFileReference; lastKnownFileType = sourcecode.c.c; path = CocktailSort.c; sourceTree = "<group>"; };
		F2EB4F7C208DCC3700BE4228 /* SelectionSort.c */ = {isa = PBXFileReference; lastKnownFileType = sourcecode.c.c; path = SelectionSort.c; sourceTree = "<group>"; };
		F2EB4F7E208DCC6400BE4228 /* InsertionSort.c */ = {isa = PBXFileReference; lastKnownFileType = sourcecode.c.c; path = InsertionSort.c; sourceTree = "<group>"; };
		F2EB4F80208DCCCA00BE4228 /* InsertionSortDichotomy.c */ = {isa = PBXFileReference; lastKnownFileType = sourcecode.c.c; path = InsertionSortDichotomy.c; sourceTree = "<group>"; };
		F2EB4F82208DCCEE00BE4228 /* ShellSort.c */ = {isa = PBXFileReference; lastKnownFileType = sourcecode.c.c; path = ShellSort.c; sourceTree = "<group>"; };
		F2EB4F84208DCD2300BE4228 /* MergeSort.cpp */ = {isa = PBXFileReference; lastKnownFileType = sourcecode.cpp.cpp; path = MergeSort.cpp; sourceTree = "<group>"; };
		F2EB4F86208DCDA500BE4228 /* HeapSort.c */ = {isa = PBXFileReference; lastKnownFileType = sourcecode.c.c; path = HeapSort.c; sourceTree = "<group>"; };
		F2EB4F88208DCDD300BE4228 /* QuickSort.c */ = {isa = PBXFileReference; lastKnownFileType = sourcecode.c.c; path = QuickSort.c; sourceTree = "<group>"; };
/* End PBXFileReference section */

/* Begin PBXFrameworksBuildPhase section */
		F2EB4F6B208DB0B400BE4228 /* Frameworks */ = {
			isa = PBXFrameworksBuildPhase;
			buildActionMask = 2147483647;
			files = (
			);
			runOnlyForDeploymentPostprocessing = 0;
		};
/* End PBXFrameworksBuildPhase section */

/* Begin PBXGroup section */
		F2EB4F65208DB0B400BE4228 = {
			isa = PBXGroup;
			children = (
				F2EB4F70208DB0B400BE4228 /* SortDemo */,
				F2EB4F6F208DB0B400BE4228 /* Products */,
			);
			sourceTree = "<group>";
		};
		F2EB4F6F208DB0B400BE4228 /* Products */ = {
			isa = PBXGroup;
			children = (
				F2EB4F6E208DB0B400BE4228 /* SortDemo */,
			);
			name = Products;
			sourceTree = "<group>";
		};
		F2EB4F70208DB0B400BE4228 /* SortDemo */ = {
			isa = PBXGroup;
			children = (
				F2EB4F71208DB0B400BE4228 /* main.m */,
				F2EB4F78208DCBB000BE4228 /* BubbleSort.c */,
				F2EB4F7A208DCC1200BE4228 /* CocktailSort.c */,
				F2EB4F7C208DCC3700BE4228 /* SelectionSort.c */,
				F2EB4F7E208DCC6400BE4228 /* InsertionSort.c */,
				F2EB4F80208DCCCA00BE4228 /* InsertionSortDichotomy.c */,
				F2EB4F82208DCCEE00BE4228 /* ShellSort.c */,
				F2EB4F84208DCD2300BE4228 /* MergeSort.cpp */,
				F2EB4F86208DCDA500BE4228 /* HeapSort.c */,
				F2EB4F88208DCDD300BE4228 /* QuickSort.c */,
			);
			path = SortDemo;
			sourceTree = "<group>";
		};
/* End PBXGroup section */

/* Begin PBXNativeTarget section */
		F2EB4F6D208DB0B400BE4228 /* SortDemo */ = {
			isa = PBXNativeTarget;
			buildConfigurationList = F2EB4F75208DB0B400BE4228 /* Build configuration list for PBXNativeTarget "SortDemo" */;
			buildPhases = (
				F2EB4F6A208DB0B400BE4228 /* Sources */,
				F2EB4F6B208DB0B400BE4228 /* Frameworks */,
				F2EB4F6C208DB0B400BE4228 /* CopyFiles */,
			);
			buildRules = (
			);
			dependencies = (
			);
			name = SortDemo;
			productName = SortDemo;
			productReference = F2EB4F6E208DB0B400BE4228 /* SortDemo */;
			productType = "com.apple.product-type.tool";
		};
/* End PBXNativeTarget section */

/* Begin PBXProject section */
		F2EB4F66208DB0B400BE4228 /* Project object */ = {
			isa = PBXProject;
			attributes = {
				LastUpgradeCheck = 0930;
				ORGANIZATIONNAME = TP;
				TargetAttributes = {
					F2EB4F6D208DB0B400BE4228 = {
						CreatedOnToolsVersion = 9.3;
					};
				};
			};
			buildConfigurationList = F2EB4F69208DB0B400BE4228 /* Build configuration list for PBXProject "SortDemo" */;
			compatibilityVersion = "Xcode 9.3";
			developmentRegion = en;
			hasScannedForEncodings = 0;
			knownRegions = (
				en,
			);
			mainGroup = F2EB4F65208DB0B400BE4228;
			productRefGroup = F2EB4F6F208DB0B400BE4228 /* Products */;
			projectDirPath = "";
			projectRoot = "";
			targets = (
				F2EB4F6D208DB0B400BE4228 /* SortDemo */,
			);
		};
/* End PBXProject section */

/* Begin PBXSourcesBuildPhase section */
		F2EB4F6A208DB0B400BE4228 /* Sources */ = {
			isa = PBXSourcesBuildPhase;
			buildActionMask = 2147483647;
			files = (
				F2EB4F7B208DCC1200BE4228 /* CocktailSort.c in Sources */,
				F2EB4F7F208DCC6400BE4228 /* InsertionSort.c in Sources */,
				F2EB4F81208DCCCA00BE4228 /* InsertionSortDichotomy.c in Sources */,
				F2EB4F72208DB0B400BE4228 /* main.m in Sources */,
				F2EB4F87208DCDA500BE4228 /* HeapSort.c in Sources */,
				F2EB4F85208DCD2300BE4228 /* MergeSort.cpp in Sources */,
				F2EB4F83208DCCEE00BE4228 /* ShellSort.c in Sources */,
				F2EB4F89208DCDD300BE4228 /* QuickSort.c in Sources */,
				F2EB4F7D208DCC3700BE4228 /* SelectionSort.c in Sources */,
				F2EB4F79208DCBB000BE4228 /* BubbleSort.c in Sources */,
			);
			runOnlyForDeploymentPostprocessing = 0;
		};
/* End PBXSourcesBuildPhase section */

/* Begin XCBuildConfiguration section */
		F2EB4F73208DB0B400BE4228 /* Debug */ = {
			isa = XCBuildConfiguration;
			buildSettings = {
				ALWAYS_SEARCH_USER_PATHS = NO;
				CLANG_ANALYZER_NONNULL = YES;
				CLANG_ANALYZER_NUMBER_OBJECT_CONVERSION = YES_AGGRESSIVE;
				CLANG_CXX_LANGUAGE_STANDARD = "gnu++14";
				CLANG_CXX_LIBRARY = "libc++";
				CLANG_ENABLE_MODULES = YES;
				CLANG_ENABLE_OBJC_ARC = YES;
				CLANG_ENABLE_OBJC_WEAK = YES;
				CLANG_WARN_BLOCK_CAPTURE_AUTORELEASING = YES;
				CLANG_WARN_BOOL_CONVERSION = YES;
				CLANG_WARN_COMMA = YES;
				CLANG_WARN_CONSTANT_CONVERSION = YES;
				CLANG_WARN_DEPRECATED_OBJC_IMPLEMENTATIONS = YES;
				CLANG_WARN_DIRECT_OBJC_ISA_USAGE = YES_ERROR;
				CLANG_WARN_DOCUMENTATION_COMMENTS = YES;
				CLANG_WARN_EMPTY_BODY = YES;
				CLANG_WARN_ENUM_CONVERSION = YES;
				CLANG_WARN_INFINITE_RECURSION = YES;
				CLANG_WARN_INT_CONVERSION = YES;
				CLANG_WARN_NON_LITERAL_NULL_CONVERSION = YES;
				CLANG_WARN_OBJC_IMPLICIT_RETAIN_SELF = YES;
				CLANG_WARN_OBJC_LITERAL_CONVERSION = YES;
				CLANG_WARN_OBJC_ROOT_CLASS = YES_ERROR;
				CLANG_WARN_RANGE_LOOP_ANALYSIS = YES;
				CLANG_WARN_STRICT_PROTOTYPES = YES;
				CLANG_WARN_SUSPICIOUS_MOVE = YES;
				CLANG_WARN_UNGUARDED_AVAILABILITY = YES_AGGRESSIVE;
				CLANG_WARN_UNREACHABLE_CODE = YES;
				CLANG_WARN__DUPLICATE_METHOD_MATCH = YES;
				CODE_SIGN_IDENTITY = "Mac Developer";
				COPY_PHASE_STRIP = NO;
				DEBUG_INFORMATION_FORMAT = dwarf;
				ENABLE_STRICT_OBJC_MSGSEND = YES;
				ENABLE_TESTABILITY = YES;
				GCC_C_LANGUAGE_STANDARD = gnu11;
				GCC_DYNAMIC_NO_PIC = NO;
				GCC_NO_COMMON_BLOCKS = YES;
				GCC_OPTIMIZATION_LEVEL = 0;
				GCC_PREPROCESSOR_DEFINITIONS = (
					"DEBUG=1",
					"$(inherited)",
				);
				GCC_WARN_64_TO_32_BIT_CONVERSION = YES;
				GCC_WARN_ABOUT_RETURN_TYPE = YES_ERROR;
				GCC_WARN_UNDECLARED_SELECTOR = YES;
				GCC_WARN_UNINITIALIZED_AUTOS = YES_AGGRESSIVE;
				GCC_WARN_UNUSED_FUNCTION = YES;
				GCC_WARN_UNUSED_VARIABLE = YES;
				MACOSX_DEPLOYMENT_TARGET = 10.13;
				MTL_ENABLE_DEBUG_INFO = YES;
				ONLY_ACTIVE_ARCH = YES;
				SDKROOT = macosx;
			};
			name = Debug;
		};
		F2EB4F74208DB0B400BE4228 /* Release */ = {
			isa = XCBuildConfiguration;
			buildSettings = {
				ALWAYS_SEARCH_USER_PATHS = NO;
				CLANG_ANALYZER_NONNULL = YES;
				CLANG_ANALYZER_NUMBER_OBJECT_CONVERSION = YES_AGGRESSIVE;
				CLANG_CXX_LANGUAGE_STANDARD = "gnu++14";
				CLANG_CXX_LIBRARY = "libc++";
				CLANG_ENABLE_MODULES = YES;
				CLANG_ENABLE_OBJC_ARC = YES;
				CLANG_ENABLE_OBJC_WEAK = YES;
				CLANG_WARN_BLOCK_CAPTURE_AUTORELEASING = YES;
				CLANG_WARN_BOOL_CONVERSION = YES;
				CLANG_WARN_COMMA = YES;
				CLANG_WARN_CONSTANT_CONVERSION = YES;
				CLANG_WARN_DEPRECATED_OBJC_IMPLEMENTATIONS = YES;
				CLANG_WARN_DIRECT_OBJC_ISA_USAGE = YES_ERROR;
				CLANG_WARN_DOCUMENTATION_COMMENTS = YES;
				CLANG_WARN_EMPTY_BODY = YES;
				CLANG_WARN_ENUM_CONVERSION = YES;
				CLANG_WARN_INFINITE_RECURSION = YES;
				CLANG_WARN_INT_CONVERSION = YES;
				CLANG_WARN_NON_LITERAL_NULL_CONVERSION = YES;
				CLANG_WARN_OBJC_IMPLICIT_RETAIN_SELF = YES;
				CLANG_WARN_OBJC_LITERAL_CONVERSION = YES;
				CLANG_WARN_OBJC_ROOT_CLASS = YES_ERROR;
				CLANG_WARN_RANGE_LOOP_ANALYSIS = YES;
				CLANG_WARN_STRICT_PROTOTYPES = YES;
				CLANG_WARN_SUSPICIOUS_MOVE = YES;
				CLANG_WARN_UNGUARDED_AVAILABILITY = YES_AGGRESSIVE;
				CLANG_WARN_UNREACHABLE_CODE = YES;
				CLANG_WARN__DUPLICATE_METHOD_MATCH = YES;
				CODE_SIGN_IDENTITY = "Mac Developer";
				COPY_PHASE_STRIP = NO;
				DEBUG_INFORMATION_FORMAT = "dwarf-with-dsym";
				ENABLE_NS_ASSERTIONS = NO;
				ENABLE_STRICT_OBJC_MSGSEND = YES;
				GCC_C_LANGUAGE_STANDARD = gnu11;
				GCC_NO_COMMON_BLOCKS = YES;
				GCC_WARN_64_TO_32_BIT_CONVERSION = YES;
				GCC_WARN_ABOUT_RETURN_TYPE = YES_ERROR;
				GCC_WARN_UNDECLARED_SELECTOR = YES;
				GCC_WARN_UNINITIALIZED_AUTOS = YES_AGGRESSIVE;
				GCC_WARN_UNUSED_FUNCTION = YES;
				GCC_WARN_UNUSED_VARIABLE = YES;
				MACOSX_DEPLOYMENT_TARGET = 10.13;
				MTL_ENABLE_DEBUG_INFO = NO;
				SDKROOT = macosx;
			};
			name = Release;
		};
		F2EB4F76208DB0B400BE4228 /* Debug */ = {
			isa = XCBuildConfiguration;
			buildSettings = {
				CODE_SIGN_IDENTITY = "Mac Developer";
				CODE_SIGN_STYLE = Automatic;
				DEVELOPMENT_TEAM = 2VFG6LEJ44;
				MACOSX_DEPLOYMENT_TARGET = 10.6;
				PRODUCT_NAME = "$(TARGET_NAME)";
				PROVISIONING_PROFILE_SPECIFIER = "";
			};
			name = Debug;
		};
		F2EB4F77208DB0B400BE4228 /* Release */ = {
			isa = XCBuildConfiguration;
			buildSettings = {
				CODE_SIGN_IDENTITY = "Mac Developer";
				CODE_SIGN_STYLE = Automatic;
				DEVELOPMENT_TEAM = 2VFG6LEJ44;
				MACOSX_DEPLOYMENT_TARGET = 10.6;
				PRODUCT_NAME = "$(TARGET_NAME)";
				PROVISIONING_PROFILE_SPECIFIER = "";
			};
			name = Release;
		};
/* End XCBuildConfiguration section */

/* Begin XCConfigurationList section */
		F2EB4F69208DB0B400BE4228 /* Build configuration list for PBXProject "SortDemo" */ = {
			isa = XCConfigurationList;
			buildConfigurations = (
				F2EB4F73208DB0B400BE4228 /* Debug */,
				F2EB4F74208DB0B400BE4228 /* Release */,
			);
			defaultConfigurationIsVisible = 0;
			defaultConfigurationName = Release;
		};
		F2EB4F75208DB0B400BE4228 /* Build configuration list for PBXNativeTarget "SortDemo" */ = {
			isa = XCConfigurationList;
			buildConfigurations = (
				F2EB4F76208DB0B400BE4228 /* Debug */,
				F2EB4F77208DB0B400BE4228 /* Release */,
			);
			defaultConfigurationIsVisible = 0;
			defaultConfigurationName = Release;
		};
/* End XCConfigurationList section */
	};
	rootObject = F2EB4F66208DB0B400BE4228 /* Project object */;
}
